{
    "_meta": {
        "hash": {
            "sha256": "7295af201d36cf053d31093319ddcee6bb1b2eb4b9d1535dd86cfdd70ef9118d"
        },
        "pipfile-spec": 6,
        "requires": {
            "python_version": "3.7"
        },
        "sources": [
            {
                "name": "pypi",
                "url": "https://pypi.org/simple",
                "verify_ssl": true
            }
        ]
    },
    "default": {
        "numpy": {
            "hashes": [
                "sha256:00c9fa73a6989895b8815d98300a20ac993c49ac36c8277e8ffeaa3631c0dbbb",
                "sha256:025b497014bc33fc23897859350f284323f32a2fff7654697f5a5fc2a19e9939",
                "sha256:08de8472d9f7571f9d51b27b75e827f5296295fa78817032e84464be8bb905bc",
                "sha256:1964db2d4a00348b7a60ee9d013c8cb0c566644a589eaa80995126eac3b99ced",
                "sha256:2a9add27d7fc0fdb572abc3b2486eb3b1395da71e0254c5552b2aad2a18b5441",
                "sha256:2d8adfca843bc46ac199a4645233f13abf2011a0b2f4affc5c37cd552626f27b",
                "sha256:301e408a052fdcda5cdcf03021ebafc3c6ea093021bf9d1aa47c54d48bdad166",
                "sha256:311283acf880cfcc20369201bd75da907909afc4666966c7895cbed6f9d2c640",
                "sha256:341dddcfe3b7b6427a28a27baa59af5ad51baa59bfec3264f1ab287aa3b30b13",
                "sha256:3a5098df115340fb17fc93867317a947e1dcd978c3888c5ddb118366095851f8",
                "sha256:3c978544be9e04ed12016dd295a74283773149b48f507d69b36f91aa90a643e5",
                "sha256:3d893b0871322eaa2f8c7072cdb552d8e2b27645b7875a70833c31e9274d4611",
                "sha256:4fe6a006557b87b352c04596a6e3f12a57d6e5f401d804947bd3188e6b0e0e76",
                "sha256:507c05c7a37b3683eb08a3ff993bd1ee1e6c752f77c2f275260533b265ecdb6c",
                "sha256:58ca1d7c8aef6e996112d0ce873ac9dfa1eaf4a1196b4ff7ff73880a09923ba7",
                "sha256:61bada43d494515d5b122f4532af226fdb5ee08fe5b5918b111279843dc6836a",
                "sha256:69a5a8d71c308d7ef33ef72371c2388a90e3495dbb7993430e674006f94797d5",
                "sha256:6a5928bc6241264dce5ed509e66f33676fc97f464e7a919edc672fb5532221ee",
                "sha256:7b9d6b14fc9a4864b08d1ba57d732b248f0e482c7b2ff55c313137e3ed4d8449",
                "sha256:a7c4b701ca418cd39e28ec3b496e6388fe06de83f5f0cb74794fa31cfa384c02",
                "sha256:a7e8f6216f180f3fd4efb73de5d1eaefb5f5a1ee5b645c67333033e39440e63a",
                "sha256:b545ebadaa2b878c8630e5bcdb97fc4096e779f335fc0f943547c1c91540c815",
                "sha256:c293d3c0321996cd8ffe84215ffe5d269fd9d1d12c6f4ffe2b597a7c30d3e593",
                "sha256:c5562bcc1a9b61960fc8950ade44d00e3de28f891af0acc96307c73613d18f6e",
                "sha256:ca9c23848292c6fe0a19d212790e62f398fd9609aaa838859be8459bfbe558aa",
                "sha256:cc1b30205d138d1005adb52087ff45708febbef0e420386f58664f984ef56954",
                "sha256:dbce7adeb66b895c6aaa1fad796aaefc299ced597f6fbd9ceddb0dd735245354",
                "sha256:dc4b2fb01f1b4ddbe2453468ea0719f4dbb1f5caa712c8b21bb3dd1480cd30d9",
                "sha256:eed2afaa97ec33b4411995be12f8bdb95c87984eaa28d76cf628970c8a2d689a",
                "sha256:fc7a7d7b0ed72589fd8b8486b9b42a564f10b8762be8bd4d9df94b807af4a089"
            ],
            "markers": "python_version < '3.11' and python_version >= '3.7'",
            "version": "==1.21.5"
        },
        "pillow": {
            "hashes": [
                "sha256:03b27b197deb4ee400ed57d8d4e572d2d8d80f825b6634daf6e2c18c3c6ccfa6",
                "sha256:0b281fcadbb688607ea6ece7649c5d59d4bbd574e90db6cd030e9e85bde9fecc",
                "sha256:0ebd8b9137630a7bbbff8c4b31e774ff05bbb90f7911d93ea2c9371e41039b52",
                "sha256:113723312215b25c22df1fdf0e2da7a3b9c357a7d24a93ebbe80bfda4f37a8d4",
                "sha256:2d16b6196fb7a54aff6b5e3ecd00f7c0bab1b56eee39214b2b223a9d938c50af",
                "sha256:2fd8053e1f8ff1844419842fd474fc359676b2e2a2b66b11cc59f4fa0a301315",
                "sha256:31b265496e603985fad54d52d11970383e317d11e18e856971bdbb86af7242a4",
                "sha256:3586e12d874ce2f1bc875a3ffba98732ebb12e18fb6d97be482bd62b56803281",
                "sha256:47f5cf60bcb9fbc46011f75c9b45a8b5ad077ca352a78185bd3e7f1d294b98bb",
                "sha256:490e52e99224858f154975db61c060686df8a6b3f0212a678e5d2e2ce24675c9",
                "sha256:500d397ddf4bbf2ca42e198399ac13e7841956c72645513e8ddf243b31ad2128",
                "sha256:52abae4c96b5da630a8b4247de5428f593465291e5b239f3f843a911a3cf0105",
                "sha256:6579f9ba84a3d4f1807c4aab4be06f373017fc65fff43498885ac50a9b47a553",
                "sha256:68e06f8b2248f6dc8b899c3e7ecf02c9f413aab622f4d6190df53a78b93d97a5",
                "sha256:6c5439bfb35a89cac50e81c751317faea647b9a3ec11c039900cd6915831064d",
                "sha256:72c3110228944019e5f27232296c5923398496b28be42535e3b2dc7297b6e8b6",
                "sha256:72f649d93d4cc4d8cf79c91ebc25137c358718ad75f99e99e043325ea7d56100",
                "sha256:7aaf07085c756f6cb1c692ee0d5a86c531703b6e8c9cae581b31b562c16b98ce",
                "sha256:80fe92813d208ce8aa7d76da878bdc84b90809f79ccbad2a288e9bcbeac1d9bd",
                "sha256:95545137fc56ce8c10de646074d242001a112a92de169986abd8c88c27566a05",
                "sha256:97b6d21771da41497b81652d44191489296555b761684f82b7b544c49989110f",
                "sha256:98cb63ca63cb61f594511c06218ab4394bf80388b3d66cd61d0b1f63ee0ea69f",
                "sha256:9f3b4522148586d35e78313db4db0df4b759ddd7649ef70002b6c3767d0fdeb7",
                "sha256:a09a9d4ec2b7887f7a088bbaacfd5c07160e746e3d47ec5e8050ae3b2a229e9f",
                "sha256:b5050d681bcf5c9f2570b93bee5d3ec8ae4cf23158812f91ed57f7126df91762",
                "sha256:bb47a548cea95b86494a26c89d153fd31122ed65255db5dcbc421a2d28eb3379",
                "sha256:bc462d24500ba707e9cbdef436c16e5c8cbf29908278af053008d9f689f56dee",
                "sha256:c2067b3bb0781f14059b112c9da5a91c80a600a97915b4f48b37f197895dd925",
                "sha256:d154ed971a4cc04b93a6d5b47f37948d1f621f25de3e8fa0c26b2d44f24e3e8f",
                "sha256:d5dcea1387331c905405b09cdbfb34611050cc52c865d71f2362f354faee1e9f",
                "sha256:ee6e2963e92762923956fe5d3479b1fdc3b76c83f290aad131a2f98c3df0593e",
                "sha256:fd0e5062f11cb3e730450a7d9f323f4051b532781026395c4323b8ad055523c4"
            ],
            "index": "pypi",
            "version": "==9.0.0"
        },
        "six": {
            "hashes": [
                "sha256:1e61c37477a1626458e36f7b1d82aa5c9b094fa4802892072e49de9c60c4c926",
                "sha256:8abb2f1d86890a2dfb989f9a77cfcfd3e47c2a354b01111771326f8aa26e0254"
            ],
            "markers": "python_version >= '2.7' and python_version not in '3.0, 3.1, 3.2, 3.3'",
            "version": "==1.16.0"
        },
        "torch": {
            "hashes": [
                "sha256:108aef4c2744724d19d76c2344108db6abb60e86cfc9e06eb3d46386ea3b6097",
                "sha256:2acd73723a0f0bd0b8114531e78b7ad3c753a2f2c0047623043cba4dae08ae90",
                "sha256:400f50a9551c5ed2fbea9bd199e14e2ec79964dd792053802b51269eec96320b",
                "sha256:4bf7ffe72bf1af8305b6a3acbe246351f4e09a1c4d4de2364066064da56c869b",
                "sha256:725ae85be70a569583863c263e281938b21e5e92d9a8f480094555b59a82936d",
                "sha256:762eeb0ef4c6de1d9bf12616f362d979cabf1c2b988d5a90bb074adcdc30a079",
                "sha256:7e3bac584473688720e26323bf209b97c015fc4e9a12a34962df3ff7ad0ce597",
                "sha256:db668180b11144579d503041339025cc76a70bc0da877f2f91f386fe9229e292",
                "sha256:e740fb4442ab0cf6a5e5c5279b6ad3cebdeb8f30ce1dabb293cf437178f12a78"
            ],
            "index": "pypi",
            "version": "==0.4.1"
        },
        "torchvision": {
            "hashes": [
                "sha256:4911188843c10a2c66e8f3d0c3989647e626a7a75b8387e2dbbb3e5aa96887ad"
            ],
            "index": "pypi",
            "version": "==0.2.2.post3"
        }
    },
    "develop": {}
}
